
Microsoft Visual Studio Solution File, Format Version 12.00
# Visual Studio 2013
VisualStudioVersion = 12.0.31101.0
MinimumVisualStudioVersion = 10.0.40219.1
Project("{FAE04EC0-301F-11D3-BF4B-00C04F79EFBC}") = "SlideDatetimePickerCSharp", "SlideDatetimePickerCSharp\SlideDatetimePickerCSharp.csproj", "{190F775F-199D-41DD-AEDC-39BAFD108F06}"
EndProject
Project("{FAE04EC0-301F-11D3-BF4B-00C04F79EFBC}") = "SampleActivity", "SampleActivity\SampleActivity.csproj", "{156DE673-E42A-4BDE-A7E0-D94344683AF3}"
EndProject
Global
	GlobalSection(SolutionConfigurationPlatforms) = preSolution
		Debug|Any CPU = Debug|Any CPU
		Release|Any CPU = Release|Any CPU
	EndGlobalSection
	GlobalSection(ProjectConfigurationPlatforms) = postSolution
		{190F775F-199D-41DD-AEDC-39BAFD108F06}.Debug|Any CPU.ActiveCfg = Debug|Any CPU
		{190F775F-199D-41DD-AEDC-39BAFD108F06}.Debug|Any CPU.Build.0 = Debug|Any CPU
		{190F775F-199D-41DD-AEDC-39BAFD108F06}.Release|Any CPU.ActiveCfg = Release|Any CPU
		{190F775F-199D-41DD-AEDC-39BAFD108F06}.Release|Any CPU.Build.0 = Release|Any CPU
		{156DE673-E42A-4BDE-A7E0-D94344683AF3}.Debug|Any CPU.ActiveCfg = Debug|Any CPU
		{156DE673-E42A-4BDE-A7E0-D94344683AF3}.Debug|Any CPU.Build.0 = Debug|Any CPU
		{156DE673-E42A-4BDE-A7E0-D94344683AF3}.Debug|Any CPU.Deploy.0 = Debug|Any CPU
		{156DE673-E42A-4BDE-A7E0-D94344683AF3}.Release|Any CPU.ActiveCfg = Release|Any CPU
		{156DE673-E42A-4BDE-A7E0-D94344683AF3}.Release|Any CPU.Build.0 = Release|Any CPU
		{156DE673-E42A-4BDE-A7E0-D94344683AF3}.Release|Any CPU.Deploy.0 = Release|Any CPU
	EndGlobalSection
	GlobalSection(SolutionProperties) = preSolution
		HideSolutionNode = FALSE
	EndGlobalSection
EndGlobal
